{
  "name": "@livestock/hubs-infra-access",
  "version": "0.1.0",
  "lockfileVersion": 3,
  "requires": true,
  "packages": {
    "": {
      "name": "@livestock/hubs-infra-access",
      "version": "0.1.0",
      "dependencies": {
        "@livestock/hubs-infra-registry": "file:../infra-registry",
        "jose": "6.2.3"
      },
      "devDependencies": {},
      "engines": {
        "node": ">=24"
      }
    },
    "../infra-registry": {
      "name": "@livestock/hubs-infra-registry",
      "version": "0.1.0",
      "engines": {
        "node": ">=24"
      }
    },
    "node_modules/@livestock/hubs-infra-registry": {
      "resolved": "../infra-registry",
      "link": true
    },
    "node_modules/jose": {
      "version": "6.2.3",
      "resolved": "https://registry.npmjs.org/jose/-/jose-6.2.3.tgz",
      "integrity": "sha512-YYVDInQKFJfR/xa3ojUTl8c2KoTwiL1R5Wg9YCydwH0x0B9grbzlg5HC7mMjCtUJjbQ/YnGEZIhI5tCgfTb4Hw==",
      "license": "MIT",
      "funding": {
        "url": "https://github.com/sponsors/panva"
      }
    }
  }
}
